
Microsoft Visual Studio Solution File, Format Version 12.00
# Visual Studio Version 16
VisualStudioVersion = 16.0.31624.102
MinimumVisualStudioVersion = 10.0.40219.1
Project("{FAE04EC0-301F-11D3-BF4B-00C04F79EFBC}") = "Challenge1Take4", "Challenge1Take4\Challenge1Take4.csproj", "{A422A5EB-E258-48D8-8588-4E65B652F336}"
EndProject
Project("{FAE04EC0-301F-11D3-BF4B-00C04F79EFBC}") = "Challenge1Take4Test", "Challenge1Take4Test\Challenge1Take4Test.csproj", "{EC2F3C0B-0550-40B4-AC72-31DD9F7C7162}"
EndProject
Global
	GlobalSection(SolutionConfigurationPlatforms) = preSolution
		Debug|Any CPU = Debug|Any CPU
		Release|Any CPU = Release|Any CPU
	EndGlobalSection
	GlobalSection(ProjectConfigurationPlatforms) = postSolution
		{A422A5EB-E258-48D8-8588-4E65B652F336}.Debug|Any CPU.ActiveCfg = Debug|Any CPU
		{A422A5EB-E258-48D8-8588-4E65B652F336}.Debug|Any CPU.Build.0 = Debug|Any CPU
		{A422A5EB-E258-48D8-8588-4E65B652F336}.Release|Any CPU.ActiveCfg = Release|Any CPU
		{A422A5EB-E258-48D8-8588-4E65B652F336}.Release|Any CPU.Build.0 = Release|Any CPU
		{EC2F3C0B-0550-40B4-AC72-31DD9F7C7162}.Debug|Any CPU.ActiveCfg = Debug|Any CPU
		{EC2F3C0B-0550-40B4-AC72-31DD9F7C7162}.Debug|Any CPU.Build.0 = Debug|Any CPU
		{EC2F3C0B-0550-40B4-AC72-31DD9F7C7162}.Release|Any CPU.ActiveCfg = Release|Any CPU
		{EC2F3C0B-0550-40B4-AC72-31DD9F7C7162}.Release|Any CPU.Build.0 = Release|Any CPU
	EndGlobalSection
	GlobalSection(SolutionProperties) = preSolution
		HideSolutionNode = FALSE
	EndGlobalSection
	GlobalSection(ExtensibilityGlobals) = postSolution
		SolutionGuid = {D6B7207D-EF6E-4546-9078-B6E291678484}
	EndGlobalSection
EndGlobal
